// !$*UTF8*$!
{
	archiveVersion = 1;
	classes = {
	};
	objectVersion = 77;
	objects = {

/* Begin PBXContainerItemProxy section */
		B0A705262DC70B1C00BCEA67 /* PBXContainerItemProxy */ = {
			isa = PBXContainerItemProxy;
			containerPortal = B0A7050F2DC70B1A00BCEA67 /* Project object */;
			proxyType = 1;
			remoteGlobalIDString = B0A705162DC70B1A00BCEA67;
			remoteInfo = "Copy Pasta";
		};
		B0A705302DC70B1C00BCEA67 /* PBXContainerItemProxy */ = {
			isa = PBXContainerItemProxy;
			containerPortal = B0A7050F2DC70B1A00BCEA67 /* Project object */;
			proxyType = 1;
			remoteGlobalIDString = B0A705162DC70B1A00BCEA67;
			remoteInfo = "Copy Pasta";
		};
/* End PBXContainerItemProxy section */

/* Begin PBXFileReference section */
		B0A705172DC70B1A00BCEA67 /* Copy Pasta.app */ = {isa = PBXFileReference; explicitFileType = wrapper.application; includeInIndex = 0; path = "Copy Pasta.app"; sourceTree = BUILT_PRODUCTS_DIR; };
		B0A705252DC70B1C00BCEA67 /* Copy PastaTests.xctest */ = {isa = PBXFileReference; explicitFileType = wrapper.cfbundle; includeInIndex = 0; path = "Copy PastaTests.xctest"; sourceTree = BUILT_PRODUCTS_DIR; };
		B0A7052F2DC70B1C00BCEA67 /* Copy PastaUITests.xctest */ = {isa = PBXFileReference; explicitFileType = wrapper.cfbundle; includeInIndex = 0; path = "Copy PastaUITests.xctest"; sourceTree = BUILT_PRODUCTS_DIR; };
/* End PBXFileReference section */

/* Begin PBXFileSystemSynchronizedRootGroup section */
		B0A705192DC70B1A00BCEA67 /* Copy Pasta */ = {
			isa = PBXFileSystemSynchronizedRootGroup;
			path = "Copy Pasta";
			sourceTree = "<group>";
		};
		B0A705282DC70B1C00BCEA67 /* Copy PastaTests */ = {
			isa = PBXFileSystemSynchronizedRootGroup;
			path = "Copy PastaTests";
			sourceTree = "<group>";
		};
		B0A705322DC70B1C00BCEA67 /* Copy PastaUITests */ = {
			isa = PBXFileSystemSynchronizedRootGroup;
			path = "Copy PastaUITests";
			sourceTree = "<group>";
		};
/* End PBXFileSystemSynchronizedRootGroup section */

/* Begin PBXFrameworksBuildPhase section */
		B0A705142DC70B1A00BCEA67 /* Frameworks */ = {
			isa = PBXFrameworksBuildPhase;
			buildActionMask = 2147483647;
			files = (
			);
			runOnlyForDeploymentPostprocessing = 0;
		};
		B0A705222DC70B1C00BCEA67 /* Frameworks */ = {
			isa = PBXFrameworksBuildPhase;
			buildActionMask = 2147483647;
			files = (
			);
			runOnlyForDeploymentPostprocessing = 0;
		};
		B0A7052C2DC70B1C00BCEA67 /* Frameworks */ = {
			isa = PBXFrameworksBuildPhase;
			buildActionMask = 2147483647;
			files = (
			);
			runOnlyForDeploymentPostprocessing = 0;
		};
/* End PBXFrameworksBuildPhase section */

/* Begin PBXGroup section */
		B0A7050E2DC70B1A00BCEA67 = {
			isa = PBXGroup;
			children = (
				B0A705192DC70B1A00BCEA67 /* Copy Pasta */,
				B0A705282DC70B1C00BCEA67 /* Copy PastaTests */,
				B0A705322DC70B1C00BCEA67 /* Copy PastaUITests */,
				B0A705182DC70B1A00BCEA67 /* Products */,
			);
			sourceTree = "<group>";
		};
		B0A705182DC70B1A00BCEA67 /* Products */ = {
			isa = PBXGroup;
			children = (
				B0A705172DC70B1A00BCEA67 /* Copy Pasta.app */,
				B0A705252DC70B1C00BCEA67 /* Copy PastaTests.xctest */,
				B0A7052F2DC70B1C00BCEA67 /* Copy PastaUITests.xctest */,
			);
			name = Products;
			sourceTree = "<group>";
		};
/* End PBXGroup section */

/* Begin PBXNativeTarget section */
		B0A705162DC70B1A00BCEA67 /* Copy Pasta */ = {
			isa = PBXNativeTarget;
			buildConfigurationList = B0A705392DC70B1C00BCEA67 /* Build configuration list for PBXNativeTarget "Copy Pasta" */;
			buildPhases = (
				B0A705132DC70B1A00BCEA67 /* Sources */,
				B0A705142DC70B1A00BCEA67 /* Frameworks */,
				B0A705152DC70B1A00BCEA67 /* Resources */,
			);
			buildRules = (
			);
			dependencies = (
			);
			fileSystemSynchronizedGroups = (
				B0A705192DC70B1A00BCEA67 /* Copy Pasta */,
			);
			name = "Copy Pasta";
			packageProductDependencies = (
			);
			productName = "Copy Pasta";
			productReference = B0A705172DC70B1A00BCEA67 /* Copy Pasta.app */;
			productType = "com.apple.product-type.application";
		};
		B0A705242DC70B1C00BCEA67 /* Copy PastaTests */ = {
			isa = PBXNativeTarget;
			buildConfigurationList = B0A7053C2DC70B1C00BCEA67 /* Build configuration list for PBXNativeTarget "Copy PastaTests" */;
			buildPhases = (
				B0A705212DC70B1C00BCEA67 /* Sources */,
				B0A705222DC70B1C00BCEA67 /* Frameworks */,
				B0A705232DC70B1C00BCEA67 /* Resources */,
			);
			buildRules = (
			);
			dependencies = (
				B0A705272DC70B1C00BCEA67 /* PBXTargetDependency */,
			);
			fileSystemSynchronizedGroups = (
				B0A705282DC70B1C00BCEA67 /* Copy PastaTests */,
			);
			name = "Copy PastaTests";
			packageProductDependencies = (
			);
			productName = "Copy PastaTests";
			productReference = B0A705252DC70B1C00BCEA67 /* Copy PastaTests.xctest */;
			productType = "com.apple.product-type.bundle.unit-test";
		};
		B0A7052E2DC70B1C00BCEA67 /* Copy PastaUITests */ = {
			isa = PBXNativeTarget;
			buildConfigurationList = B0A7053F2DC70B1C00BCEA67 /* Build configuration list for PBXNativeTarget "Copy PastaUITests" */;
			buildPhases = (
				B0A7052B2DC70B1C00BCEA67 /* Sources */,
				B0A7052C2DC70B1C00BCEA67 /* Frameworks */,
				B0A7052D2DC70B1C00BCEA67 /* Resources */,
			);
			buildRules = (
			);
			dependencies = (
				B0A705312DC70B1C00BCEA67 /* PBXTargetDependency */,
			);
			fileSystemSynchronizedGroups = (
				B0A705322DC70B1C00BCEA67 /* Copy PastaUITests */,
			);
			name = "Copy PastaUITests";
			packageProductDependencies = (
			);
			productName = "Copy PastaUITests";
			productReference = B0A7052F2DC70B1C00BCEA67 /* Copy PastaUITests.xctest */;
			productType = "com.apple.product-type.bundle.ui-testing";
		};
/* End PBXNativeTarget section */

/* Begin PBXProject section */
		B0A7050F2DC70B1A00BCEA67 /* Project object */ = {
			isa = PBXProject;
			attributes = {
				BuildIndependentTargetsInParallel = 1;
				LastSwiftUpdateCheck = 1630;
				LastUpgradeCheck = 1630;
				TargetAttributes = {
					B0A705162DC70B1A00BCEA67 = {
						CreatedOnToolsVersion = 16.3;
					};
					B0A705242DC70B1C00BCEA67 = {
						CreatedOnToolsVersion = 16.3;
						TestTargetID = B0A705162DC70B1A00BCEA67;
					};
					B0A7052E2DC70B1C00BCEA67 = {
						CreatedOnToolsVersion = 16.3;
						TestTargetID = B0A705162DC70B1A00BCEA67;
					};
				};
			};
			buildConfigurationList = B0A705122DC70B1A00BCEA67 /* Build configuration list for PBXProject "Copy Pasta" */;
			developmentRegion = en;
			hasScannedForEncodings = 0;
			knownRegions = (
				en,
				Base,
			);
			mainGroup = B0A7050E2DC70B1A00BCEA67;
			minimizedProjectReferenceProxies = 1;
			preferredProjectObjectVersion = 77;
			productRefGroup = B0A705182DC70B1A00BCEA67 /* Products */;
			projectDirPath = "";
			projectRoot = "";
			targets = (
				B0A705162DC70B1A00BCEA67 /* Copy Pasta */,
				B0A705242DC70B1C00BCEA67 /* Copy PastaTests */,
				B0A7052E2DC70B1C00BCEA67 /* Copy PastaUITests */,
			);
		};
/* End PBXProject section */

/* Begin PBXResourcesBuildPhase section */
		B0A705152DC70B1A00BCEA67 /* Resources */ = {
			isa = PBXResourcesBuildPhase;
			buildActionMask = 2147483647;
			files = (
			);
			runOnlyForDeploymentPostprocessing = 0;
		};
		B0A705232DC70B1C00BCEA67 /* Resources */ = {
			isa = PBXResourcesBuildPhase;
			buildActionMask = 2147483647;
			files = (
			);
			runOnlyForDeploymentPostprocessing = 0;
		};
		B0A7052D2DC70B1C00BCEA67 /* Resources */ = {
			isa = PBXResourcesBuildPhase;
			buildActionMask = 2147483647;
			files = (
			);
			runOnlyForDeploymentPostprocessing = 0;
		};
/* End PBXResourcesBuildPhase section */

/* Begin PBXSourcesBuildPhase section */
		B0A705132DC70B1A00BCEA67 /* Sources */ = {
			isa = PBXSourcesBuildPhase;
			buildActionMask = 2147483647;
			files = (
			);
			runOnlyForDeploymentPostprocessing = 0;
		};
		B0A705212DC70B1C00BCEA67 /* Sources */ = {
			isa = PBXSourcesBuildPhase;
			buildActionMask = 2147483647;
			files = (
			);
			runOnlyForDeploymentPostprocessing = 0;
		};
		B0A7052B2DC70B1C00BCEA67 /* Sources */ = {
			isa = PBXSourcesBuildPhase;
			buildActionMask = 2147483647;
			files = (
			);
			runOnlyForDeploymentPostprocessing = 0;
		};
/* End PBXSourcesBuildPhase section */

/* Begin PBXTargetDependency section */
		B0A705272DC70B1C00BCEA67 /* PBXTargetDependency */ = {
			isa = PBXTargetDependency;
			target = B0A705162DC70B1A00BCEA67 /* Copy Pasta */;
			targetProxy = B0A705262DC70B1C00BCEA67 /* PBXContainerItemProxy */;
		};
		B0A705312DC70B1C00BCEA67 /* PBXTargetDependency */ = {
			isa = PBXTargetDependency;
			target = B0A705162DC70B1A00BCEA67 /* Copy Pasta */;
			targetProxy = B0A705302DC70B1C00BCEA67 /* PBXContainerItemProxy */;
		};
/* End PBXTargetDependency section */

/* Begin XCBuildConfiguration section */
		B0A705372DC70B1C00BCEA67 /* Debug */ = {
			isa = XCBuildConfiguration;
			buildSettings = {
				ALWAYS_SEARCH_USER_PATHS = NO;
				ASSETCATALOG_COMPILER_GENERATE_SWIFT_ASSET_SYMBOL_EXTENSIONS = YES;
				CLANG_ANALYZER_NONNULL = YES;
				CLANG_ANALYZER_NUMBER_OBJECT_CONVERSION = YES_AGGRESSIVE;
				CLANG_CXX_LANGUAGE_STANDARD = "gnu++20";
				CLANG_ENABLE_MODULES = YES;
				CLANG_ENABLE_OBJC_ARC = YES;
				CLANG_ENABLE_OBJC_WEAK = YES;
				CLANG_WARN_BLOCK_CAPTURE_AUTORELEASING = YES;
				CLANG_WARN_BOOL_CONVERSION = YES;
				CLANG_WARN_COMMA = YES;
				CLANG_WARN_CONSTANT_CONVERSION = YES;
				CLANG_WARN_DEPRECATED_OBJC_IMPLEMENTATIONS = YES;
				CLANG_WARN_DIRECT_OBJC_ISA_USAGE = YES_ERROR;
				CLANG_WARN_DOCUMENTATION_COMMENTS = YES;
				CLANG_WARN_EMPTY_BODY = YES;
				CLANG_WARN_ENUM_CONVERSION = YES;
				CLANG_WARN_INFINITE_RECURSION = YES;
				CLANG_WARN_INT_CONVERSION = YES;
				CLANG_WARN_NON_LITERAL_NULL_CONVERSION = YES;
				CLANG_WARN_OBJC_IMPLICIT_RETAIN_SELF = YES;
				CLANG_WARN_OBJC_LITERAL_CONVERSION = YES;
				CLANG_WARN_OBJC_ROOT_CLASS = YES_ERROR;
				CLANG_WARN_QUOTED_INCLUDE_IN_FRAMEWORK_HEADER = YES;
				CLANG_WARN_RANGE_LOOP_ANALYSIS = YES;
				CLANG_WARN_STRICT_PROTOTYPES = YES;
				CLANG_WARN_SUSPICIOUS_MOVE = YES;
				CLANG_WARN_UNGUARDED_AVAILABILITY = YES_AGGRESSIVE;
				CLANG_WARN_UNREACHABLE_CODE = YES;
				CLANG_WARN__DUPLICATE_METHOD_MATCH = YES;
				COPY_PHASE_STRIP = NO;
				DEBUG_INFORMATION_FORMAT = dwarf;
				ENABLE_STRICT_OBJC_MSGSEND = YES;
				ENABLE_TESTABILITY = YES;
				ENABLE_USER_SCRIPT_SANDBOXING = YES;
				GCC_C_LANGUAGE_STANDARD = gnu17;
				GCC_DYNAMIC_NO_PIC = NO;
				GCC_NO_COMMON_BLOCKS = YES;
				GCC_OPTIMIZATION_LEVEL = 0;
				GCC_PREPROCESSOR_DEFINITIONS = (
					"DEBUG=1",
					"$(inherited)",
				);
				GCC_WARN_64_TO_32_BIT_CONVERSION = YES;
				GCC_WARN_ABOUT_RETURN_TYPE = YES_ERROR;
				GCC_WARN_UNDECLARED_SELECTOR = YES;
				GCC_WARN_UNINITIALIZED_AUTOS = YES_AGGRESSIVE;
				GCC_WARN_UNUSED_FUNCTION = YES;
				GCC_WARN_UNUSED_VARIABLE = YES;
				LOCALIZATION_PREFERS_STRING_CATALOGS = YES;
				MACOSX_DEPLOYMENT_TARGET = 15.4;
				MTL_ENABLE_DEBUG_INFO = INCLUDE_SOURCE;
				MTL_FAST_MATH = YES;
				ONLY_ACTIVE_ARCH = YES;
				SDKROOT = macosx;
				SWIFT_ACTIVE_COMPILATION_CONDITIONS = "DEBUG $(inherited)";
				SWIFT_OPTIMIZATION_LEVEL = "-Onone";
			};
			name = Debug;
		};
		B0A705382DC70B1C00BCEA67 /* Release */ = {
			isa = XCBuildConfiguration;
			buildSettings = {
				ALWAYS_SEARCH_USER_PATHS = NO;
				ASSETCATALOG_COMPILER_GENERATE_SWIFT_ASSET_SYMBOL_EXTENSIONS = YES;
				CLANG_ANALYZER_NONNULL = YES;
				CLANG_ANALYZER_NUMBER_OBJECT_CONVERSION = YES_AGGRESSIVE;
				CLANG_CXX_LANGUAGE_STANDARD = "gnu++20";
				CLANG_ENABLE_MODULES = YES;
				CLANG_ENABLE_OBJC_ARC = YES;
				CLANG_ENABLE_OBJC_WEAK = YES;
				CLANG_WARN_BLOCK_CAPTURE_AUTORELEASING = YES;
				CLANG_WARN_BOOL_CONVERSION = YES;
				CLANG_WARN_COMMA = YES;
				CLANG_WARN_CONSTANT_CONVERSION = YES;
				CLANG_WARN_DEPRECATED_OBJC_IMPLEMENTATIONS = YES;
				CLANG_WARN_DIRECT_OBJC_ISA_USAGE = YES_ERROR;
				CLANG_WARN_DOCUMENTATION_COMMENTS = YES;
				CLANG_WARN_EMPTY_BODY = YES;
				CLANG_WARN_ENUM_CONVERSION = YES;
				CLANG_WARN_INFINITE_RECURSION = YES;
				CLANG_WARN_INT_CONVERSION = YES;
				CLANG_WARN_NON_LITERAL_NULL_CONVERSION = YES;
				CLANG_WARN_OBJC_IMPLICIT_RETAIN_SELF = YES;
				CLANG_WARN_OBJC_LITERAL_CONVERSION = YES;
				CLANG_WARN_OBJC_ROOT_CLASS = YES_ERROR;
				CLANG_WARN_QUOTED_INCLUDE_IN_FRAMEWORK_HEADER = YES;
				CLANG_WARN_RANGE_LOOP_ANALYSIS = YES;
				CLANG_WARN_STRICT_PROTOTYPES = YES;
				CLANG_WARN_SUSPICIOUS_MOVE = YES;
				CLANG_WARN_UNGUARDED_AVAILABILITY = YES_AGGRESSIVE;
				CLANG_WARN_UNREACHABLE_CODE = YES;
				CLANG_WARN__DUPLICATE_METHOD_MATCH = YES;
				COPY_PHASE_STRIP = NO;
				DEBUG_INFORMATION_FORMAT = "dwarf-with-dsym";
				ENABLE_NS_ASSERTIONS = NO;
				ENABLE_STRICT_OBJC_MSGSEND = YES;
				ENABLE_USER_SCRIPT_SANDBOXING = YES;
				GCC_C_LANGUAGE_STANDARD = gnu17;
				GCC_NO_COMMON_BLOCKS = YES;
				GCC_WARN_64_TO_32_BIT_CONVERSION = YES;
				GCC_WARN_ABOUT_RETURN_TYPE = YES_ERROR;
				GCC_WARN_UNDECLARED_SELECTOR = YES;
				GCC_WARN_UNINITIALIZED_AUTOS = YES_AGGRESSIVE;
				GCC_WARN_UNUSED_FUNCTION = YES;
				GCC_WARN_UNUSED_VARIABLE = YES;
				LOCALIZATION_PREFERS_STRING_CATALOGS = YES;
				MACOSX_DEPLOYMENT_TARGET = 15.4;
				MTL_ENABLE_DEBUG_INFO = NO;
				MTL_FAST_MATH = YES;
				SDKROOT = macosx;
				SWIFT_COMPILATION_MODE = wholemodule;
			};
			name = Release;
		};
		B0A7053A2DC70B1C00BCEA67 /* Debug */ = {
			isa = XCBuildConfiguration;
			buildSettings = {
				ASSETCATALOG_COMPILER_APPICON_NAME = AppIcon;
				ASSETCATALOG_COMPILER_GLOBAL_ACCENT_COLOR_NAME = AccentColor;
				CODE_SIGN_ENTITLEMENTS = "Copy Pasta/Copy_Pasta.entitlements";
				CODE_SIGN_STYLE = Automatic;
				COMBINE_HIDPI_IMAGES = YES;
				CURRENT_PROJECT_VERSION = 1;
				ENABLE_PREVIEWS = YES;
				GENERATE_INFOPLIST_FILE = YES;
				INFOPLIST_KEY_NSHumanReadableCopyright = "";
				LD_RUNPATH_SEARCH_PATHS = (
					"$(inherited)",
					"@executable_path/../Frameworks",
				);
				MARKETING_VERSION = 1.0;
				PRODUCT_BUNDLE_IDENTIFIER = "mrahm.Copy-Pasta";
				PRODUCT_NAME = "$(TARGET_NAME)";
				REGISTER_APP_GROUPS = YES;
				SWIFT_EMIT_LOC_STRINGS = YES;
				SWIFT_VERSION = 5.0;
			};
			name = Debug;
		};
		B0A7053B2DC70B1C00BCEA67 /* Release */ = {
			isa = XCBuildConfiguration;
			buildSettings = {
				ASSETCATALOG_COMPILER_APPICON_NAME = AppIcon;
				ASSETCATALOG_COMPILER_GLOBAL_ACCENT_COLOR_NAME = AccentColor;
				CODE_SIGN_ENTITLEMENTS = "Copy Pasta/Copy_Pasta.entitlements";
				CODE_SIGN_STYLE = Automatic;
				COMBINE_HIDPI_IMAGES = YES;
				CURRENT_PROJECT_VERSION = 1;
				ENABLE_PREVIEWS = YES;
				GENERATE_INFOPLIST_FILE = YES;
				INFOPLIST_KEY_NSHumanReadableCopyright = "";
				LD_RUNPATH_SEARCH_PATHS = (
					"$(inherited)",
					"@executable_path/../Frameworks",
				);
				MARKETING_VERSION = 1.0;
				PRODUCT_BUNDLE_IDENTIFIER = "mrahm.Copy-Pasta";
				PRODUCT_NAME = "$(TARGET_NAME)";
				REGISTER_APP_GROUPS = YES;
				SWIFT_EMIT_LOC_STRINGS = YES;
				SWIFT_VERSION = 5.0;
			};
			name = Release;
		};
		B0A7053D2DC70B1C00BCEA67 /* Debug */ = {
			isa = XCBuildConfiguration;
			buildSettings = {
				BUNDLE_LOADER = "$(TEST_HOST)";
				CODE_SIGN_STYLE = Automatic;
				CURRENT_PROJECT_VERSION = 1;
				GENERATE_INFOPLIST_FILE = YES;
				MACOSX_DEPLOYMENT_TARGET = 15.4;
				MARKETING_VERSION = 1.0;
				PRODUCT_BUNDLE_IDENTIFIER = "mrahm.Copy-PastaTests";
				PRODUCT_NAME = "$(TARGET_NAME)";
				SWIFT_EMIT_LOC_STRINGS = NO;
				SWIFT_VERSION = 5.0;
				TEST_HOST = "$(BUILT_PRODUCTS_DIR)/Copy Pasta.app/$(BUNDLE_EXECUTABLE_FOLDER_PATH)/Copy Pasta";
			};
			name = Debug;
		};
		B0A7053E2DC70B1C00BCEA67 /* Release */ = {
			isa = XCBuildConfiguration;
			buildSettings = {
				BUNDLE_LOADER = "$(TEST_HOST)";
				CODE_SIGN_STYLE = Automatic;
				CURRENT_PROJECT_VERSION = 1;
				GENERATE_INFOPLIST_FILE = YES;
				MACOSX_DEPLOYMENT_TARGET = 15.4;
				MARKETING_VERSION = 1.0;
				PRODUCT_BUNDLE_IDENTIFIER = "mrahm.Copy-PastaTests";
				PRODUCT_NAME = "$(TARGET_NAME)";
				SWIFT_EMIT_LOC_STRINGS = NO;
				SWIFT_VERSION = 5.0;
				TEST_HOST = "$(BUILT_PRODUCTS_DIR)/Copy Pasta.app/$(BUNDLE_EXECUTABLE_FOLDER_PATH)/Copy Pasta";
			};
			name = Release;
		};
		B0A705402DC70B1C00BCEA67 /* Debug */ = {
			isa = XCBuildConfiguration;
			buildSettings = {
				CODE_SIGN_STYLE = Automatic;
				CURRENT_PROJECT_VERSION = 1;
				GENERATE_INFOPLIST_FILE = YES;
				MARKETING_VERSION = 1.0;
				PRODUCT_BUNDLE_IDENTIFIER = "mrahm.Copy-PastaUITests";
				PRODUCT_NAME = "$(TARGET_NAME)";
				SWIFT_EMIT_LOC_STRINGS = NO;
				SWIFT_VERSION = 5.0;
				TEST_TARGET_NAME = "Copy Pasta";
			};
			name = Debug;
		};
		B0A705412DC70B1C00BCEA67 /* Release */ = {
			isa = XCBuildConfiguration;
			buildSettings = {
				CODE_SIGN_STYLE = Automatic;
				CURRENT_PROJECT_VERSION = 1;
				GENERATE_INFOPLIST_FILE = YES;
				MARKETING_VERSION = 1.0;
				PRODUCT_BUNDLE_IDENTIFIER = "mrahm.Copy-PastaUITests";
				PRODUCT_NAME = "$(TARGET_NAME)";
				SWIFT_EMIT_LOC_STRINGS = NO;
				SWIFT_VERSION = 5.0;
				TEST_TARGET_NAME = "Copy Pasta";
			};
			name = Release;
		};
/* End XCBuildConfiguration section */

/* Begin XCConfigurationList section */
		B0A705122DC70B1A00BCEA67 /* Build configuration list for PBXProject "Copy Pasta" */ = {
			isa = XCConfigurationList;
			buildConfigurations = (
				B0A705372DC70B1C00BCEA67 /* Debug */,
				B0A705382DC70B1C00BCEA67 /* Release */,
			);
			defaultConfigurationIsVisible = 0;
			defaultConfigurationName = Release;
		};
		B0A705392DC70B1C00BCEA67 /* Build configuration list for PBXNativeTarget "Copy Pasta" */ = {
			isa = XCConfigurationList;
			buildConfigurations = (
				B0A7053A2DC70B1C00BCEA67 /* Debug */,
				B0A7053B2DC70B1C00BCEA67 /* Release */,
			);
			defaultConfigurationIsVisible = 0;
			defaultConfigurationName = Release;
		};
		B0A7053C2DC70B1C00BCEA67 /* Build configuration list for PBXNativeTarget "Copy PastaTests" */ = {
			isa = XCConfigurationList;
			buildConfigurations = (
				B0A7053D2DC70B1C00BCEA67 /* Debug */,
				B0A7053E2DC70B1C00BCEA67 /* Release */,
			);
			defaultConfigurationIsVisible = 0;
			defaultConfigurationName = Release;
		};
		B0A7053F2DC70B1C00BCEA67 /* Build configuration list for PBXNativeTarget "Copy PastaUITests" */ = {
			isa = XCConfigurationList;
			buildConfigurations = (
				B0A705402DC70B1C00BCEA67 /* Debug */,
				B0A705412DC70B1C00BCEA67 /* Release */,
			);
			defaultConfigurationIsVisible = 0;
			defaultConfigurationName = Release;
		};
/* End XCConfigurationList section */
	};
	rootObject = B0A7050F2DC70B1A00BCEA67 /* Project object */;
}
